
Microsoft Visual Studio Solution File, Format Version 12.00
# Visual Studio 2012
Project("{FAE04EC0-301F-11D3-BF4B-00C04F79EFBC}") = "CampusBookFlip.WebUI", "CampusBookFlip.WebUI\CampusBookFlip.WebUI.csproj", "{C002DC5D-3549-4726-B157-C7FFDB810ED2}"
EndProject
Project("{FAE04EC0-301F-11D3-BF4B-00C04F79EFBC}") = "CampusBookFlip.Domain", "CampusBookFlip.Domain\CampusBookFlip.Domain.csproj", "{DF8E6CD0-2D88-4350-9C68-CACA04FAD8D6}"
EndProject
Project("{FAE04EC0-301F-11D3-BF4B-00C04F79EFBC}") = "CampusBookFlip.Tests", "CampusBookFlip.Tests\CampusBookFlip.Tests.csproj", "{DF4ED7A6-A312-4BEB-B98C-628268BA7155}"
EndProject
Global
	GlobalSection(SolutionConfigurationPlatforms) = preSolution
		Debug|Any CPU = Debug|Any CPU
		Release|Any CPU = Release|Any CPU
	EndGlobalSection
	GlobalSection(ProjectConfigurationPlatforms) = postSolution
		{C002DC5D-3549-4726-B157-C7FFDB810ED2}.Debug|Any CPU.ActiveCfg = Debug|Any CPU
		{C002DC5D-3549-4726-B157-C7FFDB810ED2}.Debug|Any CPU.Build.0 = Debug|Any CPU
		{C002DC5D-3549-4726-B157-C7FFDB810ED2}.Release|Any CPU.ActiveCfg = Release|Any CPU
		{C002DC5D-3549-4726-B157-C7FFDB810ED2}.Release|Any CPU.Build.0 = Release|Any CPU
		{DF8E6CD0-2D88-4350-9C68-CACA04FAD8D6}.Debug|Any CPU.ActiveCfg = Debug|Any CPU
		{DF8E6CD0-2D88-4350-9C68-CACA04FAD8D6}.Debug|Any CPU.Build.0 = Debug|Any CPU
		{DF8E6CD0-2D88-4350-9C68-CACA04FAD8D6}.Release|Any CPU.ActiveCfg = Release|Any CPU
		{DF8E6CD0-2D88-4350-9C68-CACA04FAD8D6}.Release|Any CPU.Build.0 = Release|Any CPU
		{DF4ED7A6-A312-4BEB-B98C-628268BA7155}.Debug|Any CPU.ActiveCfg = Debug|Any CPU
		{DF4ED7A6-A312-4BEB-B98C-628268BA7155}.Debug|Any CPU.Build.0 = Debug|Any CPU
		{DF4ED7A6-A312-4BEB-B98C-628268BA7155}.Release|Any CPU.ActiveCfg = Release|Any CPU
		{DF4ED7A6-A312-4BEB-B98C-628268BA7155}.Release|Any CPU.Build.0 = Release|Any CPU
	EndGlobalSection
	GlobalSection(SolutionProperties) = preSolution
		HideSolutionNode = FALSE
	EndGlobalSection
EndGlobal
